{
  "name": "lil-log",
  "lockfileVersion": 2,
  "requires": true,
  "packages": {
    "": {
      "dependencies": {
        "vanilla-back-to-top": "^7.2.1"
      }
    },
    "node_modules/vanilla-back-to-top": {
      "version": "7.2.1",
      "resolved": "https://registry.npmjs.org/vanilla-back-to-top/-/vanilla-back-to-top-7.2.1.tgz",
      "integrity": "sha512-AZiYYmoe0RTbzTQs/reoXyCVqT20+cerQOsnmM/WYPJRwOAZjH0GRaWLw8QKhXcpch1UsLJHg7IwbvvzUPrcLg=="
    }
  },
  "dependencies": {
    "vanilla-back-to-top": {
      "version": "7.2.1",
      "resolved": "https://registry.npmjs.org/vanilla-back-to-top/-/vanilla-back-to-top-7.2.1.tgz",
      "integrity": "sha512-AZiYYmoe0RTbzTQs/reoXyCVqT20+cerQOsnmM/WYPJRwOAZjH0GRaWLw8QKhXcpch1UsLJHg7IwbvvzUPrcLg=="
    }
  }
}
